// !$*UTF8*$!
{
	archiveVersion = 1;
	classes = {
	};
	objectVersion = 46;
	objects = {

/* Begin PBXBuildFile section */
		64E2C50ABE3C0508A3627DFC /* Pods_TechMap.framework in Frameworks */ = {isa = PBXBuildFile; fileRef = B23A1C7E292E42700C726CA9 /* Pods_TechMap.framework */; };
		BD4B7C411D09FDA9006AF3C4 /* UIViewExtension.swift in Sources */ = {isa = PBXBuildFile; fileRef = BD4B7C401D09FDA9006AF3C4 /* UIViewExtension.swift */; };
		BD4B95051D099E560019B9F4 /* LocationStore.swift in Sources */ = {isa = PBXBuildFile; fileRef = BD4B95041D099E560019B9F4 /* LocationStore.swift */; };
		BD4B95071D09DBE60019B9F4 /* EventPlace.swift in Sources */ = {isa = PBXBuildFile; fileRef = BD4B95061D09DBE60019B9F4 /* EventPlace.swift */; };
		BD4B950E1D09F6850019B9F4 /* MarkerInfoView.xib in Resources */ = {isa = PBXBuildFile; fileRef = BD4B950B1D09F6850019B9F4 /* MarkerInfoView.xib */; };
		BD4B95111D09F7A70019B9F4 /* MarkerInfoView.swift in Sources */ = {isa = PBXBuildFile; fileRef = BD4B95101D09F7A70019B9F4 /* MarkerInfoView.swift */; };
		BD4B95131D09FAE50019B9F4 /* Placemarker.swift in Sources */ = {isa = PBXBuildFile; fileRef = BD4B95121D09FAE50019B9F4 /* Placemarker.swift */; };
		BD7920CD1D08F494006B4020 /* AppDelegate.swift in Sources */ = {isa = PBXBuildFile; fileRef = BD7920CC1D08F494006B4020 /* AppDelegate.swift */; };
		BD7920CF1D08F494006B4020 /* ViewController.swift in Sources */ = {isa = PBXBuildFile; fileRef = BD7920CE1D08F494006B4020 /* ViewController.swift */; };
		BD7920D21D08F494006B4020 /* Main.storyboard in Resources */ = {isa = PBXBuildFile; fileRef = BD7920D01D08F494006B4020 /* Main.storyboard */; };
		BD7920D41D08F494006B4020 /* Assets.xcassets in Resources */ = {isa = PBXBuildFile; fileRef = BD7920D31D08F494006B4020 /* Assets.xcassets */; };
		BD7920D71D08F494006B4020 /* LaunchScreen.storyboard in Resources */ = {isa = PBXBuildFile; fileRef = BD7920D51D08F494006B4020 /* LaunchScreen.storyboard */; };
		BD7920E01D08F824006B4020 /* Keys.plist in Resources */ = {isa = PBXBuildFile; fileRef = BD7920DF1D08F824006B4020 /* Keys.plist */; };
/* End PBXBuildFile section */

/* Begin PBXFileReference section */
		A622CA1D0D31D63D10A16576 /* Pods-TechMap.debug.xcconfig */ = {isa = PBXFileReference; includeInIndex = 1; lastKnownFileType = text.xcconfig; name = "Pods-TechMap.debug.xcconfig"; path = "Pods/Target Support Files/Pods-TechMap/Pods-TechMap.debug.xcconfig"; sourceTree = "<group>"; };
		B23A1C7E292E42700C726CA9 /* Pods_TechMap.framework */ = {isa = PBXFileReference; explicitFileType = wrapper.framework; includeInIndex = 0; path = Pods_TechMap.framework; sourceTree = BUILT_PRODUCTS_DIR; };
		BD4B7C401D09FDA9006AF3C4 /* UIViewExtension.swift */ = {isa = PBXFileReference; fileEncoding = 4; lastKnownFileType = sourcecode.swift; path = UIViewExtension.swift; sourceTree = "<group>"; };
		BD4B95041D099E560019B9F4 /* LocationStore.swift */ = {isa = PBXFileReference; fileEncoding = 4; lastKnownFileType = sourcecode.swift; path = LocationStore.swift; sourceTree = "<group>"; };
		BD4B95061D09DBE60019B9F4 /* EventPlace.swift */ = {isa = PBXFileReference; fileEncoding = 4; lastKnownFileType = sourcecode.swift; path = EventPlace.swift; sourceTree = "<group>"; };
		BD4B950B1D09F6850019B9F4 /* MarkerInfoView.xib */ = {isa = PBXFileReference; fileEncoding = 4; lastKnownFileType = file.xib; path = MarkerInfoView.xib; sourceTree = "<group>"; };
		BD4B95101D09F7A70019B9F4 /* MarkerInfoView.swift */ = {isa = PBXFileReference; fileEncoding = 4; lastKnownFileType = sourcecode.swift; path = MarkerInfoView.swift; sourceTree = "<group>"; };
		BD4B95121D09FAE50019B9F4 /* Placemarker.swift */ = {isa = PBXFileReference; fileEncoding = 4; lastKnownFileType = sourcecode.swift; path = Placemarker.swift; sourceTree = "<group>"; };
		BD7920C91D08F494006B4020 /* TechMap.app */ = {isa = PBXFileReference; explicitFileType = wrapper.application; includeInIndex = 0; path = TechMap.app; sourceTree = BUILT_PRODUCTS_DIR; };
		BD7920CC1D08F494006B4020 /* AppDelegate.swift */ = {isa = PBXFileReference; lastKnownFileType = sourcecode.swift; path = AppDelegate.swift; sourceTree = "<group>"; };
		BD7920CE1D08F494006B4020 /* ViewController.swift */ = {isa = PBXFileReference; lastKnownFileType = sourcecode.swift; path = ViewController.swift; sourceTree = "<group>"; };
		BD7920D11D08F494006B4020 /* Base */ = {isa = PBXFileReference; lastKnownFileType = file.storyboard; name = Base; path = Base.lproj/Main.storyboard; sourceTree = "<group>"; };
		BD7920D31D08F494006B4020 /* Assets.xcassets */ = {isa = PBXFileReference; lastKnownFileType = folder.assetcatalog; path = Assets.xcassets; sourceTree = "<group>"; };
		BD7920D61D08F494006B4020 /* Base */ = {isa = PBXFileReference; lastKnownFileType = file.storyboard; name = Base; path = Base.lproj/LaunchScreen.storyboard; sourceTree = "<group>"; };
		BD7920D81D08F494006B4020 /* Info.plist */ = {isa = PBXFileReference; lastKnownFileType = text.plist.xml; path = Info.plist; sourceTree = "<group>"; };
		BD7920DF1D08F824006B4020 /* Keys.plist */ = {isa = PBXFileReference; fileEncoding = 4; lastKnownFileType = text.plist.xml; path = Keys.plist; sourceTree = "<group>"; };
		BDB777121D098B640085E853 /* TechMap-Bridging-Header.h */ = {isa = PBXFileReference; lastKnownFileType = sourcecode.c.h; path = "TechMap-Bridging-Header.h"; sourceTree = "<group>"; };
		FB98989194433C3331C8A603 /* Pods-TechMap.release.xcconfig */ = {isa = PBXFileReference; includeInIndex = 1; lastKnownFileType = text.xcconfig; name = "Pods-TechMap.release.xcconfig"; path = "Pods/Target Support Files/Pods-TechMap/Pods-TechMap.release.xcconfig"; sourceTree = "<group>"; };
/* End PBXFileReference section */

/* Begin PBXFrameworksBuildPhase section */
		BD7920C61D08F494006B4020 /* Frameworks */ = {
			isa = PBXFrameworksBuildPhase;
			buildActionMask = 2147483647;
			files = (
				64E2C50ABE3C0508A3627DFC /* Pods_TechMap.framework in Frameworks */,
			);
			runOnlyForDeploymentPostprocessing = 0;
		};
/* End PBXFrameworksBuildPhase section */

/* Begin PBXGroup section */
		5B7263D6CBFCC401CB6A15E7 /* Frameworks */ = {
			isa = PBXGroup;
			children = (
				B23A1C7E292E42700C726CA9 /* Pods_TechMap.framework */,
			);
			name = Frameworks;
			sourceTree = "<group>";
		};
		BD7920C01D08F493006B4020 = {
			isa = PBXGroup;
			children = (
				BD7920CB1D08F494006B4020 /* TechMap */,
				BD7920CA1D08F494006B4020 /* Products */,
				D25BF6207E75B27162AF4AAD /* Pods */,
				5B7263D6CBFCC401CB6A15E7 /* Frameworks */,
			);
			sourceTree = "<group>";
		};
		BD7920CA1D08F494006B4020 /* Products */ = {
			isa = PBXGroup;
			children = (
				BD7920C91D08F494006B4020 /* TechMap.app */,
			);
			name = Products;
			sourceTree = "<group>";
		};
		BD7920CB1D08F494006B4020 /* TechMap */ = {
			isa = PBXGroup;
			children = (
				BD7920CC1D08F494006B4020 /* AppDelegate.swift */,
				BDB777171D0994D10085E853 /* Model */,
				BDB777181D0994D60085E853 /* Views */,
				BDB777191D0994F90085E853 /* Controllers */,
				BDB7771A1D09950A0085E853 /* Supporting Files */,
			);
			path = TechMap;
			sourceTree = "<group>";
		};
		BDB777171D0994D10085E853 /* Model */ = {
			isa = PBXGroup;
			children = (
				BD4B95041D099E560019B9F4 /* LocationStore.swift */,
				BD4B95061D09DBE60019B9F4 /* EventPlace.swift */,
				BD4B95121D09FAE50019B9F4 /* Placemarker.swift */,
			);
			name = Model;
			sourceTree = "<group>";
		};
		BDB777181D0994D60085E853 /* Views */ = {
			isa = PBXGroup;
			children = (
				BD4B950B1D09F6850019B9F4 /* MarkerInfoView.xib */,
				BD4B95101D09F7A70019B9F4 /* MarkerInfoView.swift */,
				BD7920D01D08F494006B4020 /* Main.storyboard */,
				BD7920D31D08F494006B4020 /* Assets.xcassets */,
				BD7920D51D08F494006B4020 /* LaunchScreen.storyboard */,
				BD4B7C401D09FDA9006AF3C4 /* UIViewExtension.swift */,
			);
			name = Views;
			sourceTree = "<group>";
		};
		BDB777191D0994F90085E853 /* Controllers */ = {
			isa = PBXGroup;
			children = (
				BD7920CE1D08F494006B4020 /* ViewController.swift */,
			);
			name = Controllers;
			sourceTree = "<group>";
		};
		BDB7771A1D09950A0085E853 /* Supporting Files */ = {
			isa = PBXGroup;
			children = (
				BDB777121D098B640085E853 /* TechMap-Bridging-Header.h */,
				BD7920D81D08F494006B4020 /* Info.plist */,
				BD7920DF1D08F824006B4020 /* Keys.plist */,
			);
			name = "Supporting Files";
			sourceTree = "<group>";
		};
		D25BF6207E75B27162AF4AAD /* Pods */ = {
			isa = PBXGroup;
			children = (
				A622CA1D0D31D63D10A16576 /* Pods-TechMap.debug.xcconfig */,
				FB98989194433C3331C8A603 /* Pods-TechMap.release.xcconfig */,
			);
			name = Pods;
			sourceTree = "<group>";
		};
/* End PBXGroup section */

/* Begin PBXNativeTarget section */
		BD7920C81D08F494006B4020 /* TechMap */ = {
			isa = PBXNativeTarget;
			buildConfigurationList = BD7920DB1D08F494006B4020 /* Build configuration list for PBXNativeTarget "TechMap" */;
			buildPhases = (
				A12B407A206D1443FE22883D /* Check Pods Manifest.lock */,
				BD7920C51D08F494006B4020 /* Sources */,
				BD7920C61D08F494006B4020 /* Frameworks */,
				BD7920C71D08F494006B4020 /* Resources */,
				C7361814ECD3C5E61B7525BF /* Embed Pods Frameworks */,
				6996BAC1332467FFD6AABA22 /* Copy Pods Resources */,
			);
			buildRules = (
			);
			dependencies = (
			);
			name = TechMap;
			productName = TechMap;
			productReference = BD7920C91D08F494006B4020 /* TechMap.app */;
			productType = "com.apple.product-type.application";
		};
/* End PBXNativeTarget section */

/* Begin PBXProject section */
		BD7920C11D08F493006B4020 /* Project object */ = {
			isa = PBXProject;
			attributes = {
				LastSwiftUpdateCheck = 0730;
				LastUpgradeCheck = 0730;
				ORGANIZATIONNAME = "Angelica Bato";
				TargetAttributes = {
					BD7920C81D08F494006B4020 = {
						CreatedOnToolsVersion = 7.3.1;
					};
				};
			};
			buildConfigurationList = BD7920C41D08F493006B4020 /* Build configuration list for PBXProject "TechMap" */;
			compatibilityVersion = "Xcode 3.2";
			developmentRegion = English;
			hasScannedForEncodings = 0;
			knownRegions = (
				en,
				Base,
			);
			mainGroup = BD7920C01D08F493006B4020;
			productRefGroup = BD7920CA1D08F494006B4020 /* Products */;
			projectDirPath = "";
			projectRoot = "";
			targets = (
				BD7920C81D08F494006B4020 /* TechMap */,
			);
		};
/* End PBXProject section */

/* Begin PBXResourcesBuildPhase section */
		BD7920C71D08F494006B4020 /* Resources */ = {
			isa = PBXResourcesBuildPhase;
			buildActionMask = 2147483647;
			files = (
				BD7920E01D08F824006B4020 /* Keys.plist in Resources */,
				BD7920D71D08F494006B4020 /* LaunchScreen.storyboard in Resources */,
				BD4B950E1D09F6850019B9F4 /* MarkerInfoView.xib in Resources */,
				BD7920D41D08F494006B4020 /* Assets.xcassets in Resources */,
				BD7920D21D08F494006B4020 /* Main.storyboard in Resources */,
			);
			runOnlyForDeploymentPostprocessing = 0;
		};
/* End PBXResourcesBuildPhase section */

/* Begin PBXShellScriptBuildPhase section */
		6996BAC1332467FFD6AABA22 /* Copy Pods Resources */ = {
			isa = PBXShellScriptBuildPhase;
			buildActionMask = 2147483647;
			files = (
			);
			inputPaths = (
			);
			name = "Copy Pods Resources";
			outputPaths = (
			);
			runOnlyForDeploymentPostprocessing = 0;
			shellPath = /bin/sh;
			shellScript = "\"${SRCROOT}/Pods/Target Support Files/Pods-TechMap/Pods-TechMap-resources.sh\"\n";
			showEnvVarsInLog = 0;
		};
		A12B407A206D1443FE22883D /* Check Pods Manifest.lock */ = {
			isa = PBXShellScriptBuildPhase;
			buildActionMask = 2147483647;
			files = (
			);
			inputPaths = (
			);
			name = "Check Pods Manifest.lock";
			outputPaths = (
			);
			runOnlyForDeploymentPostprocessing = 0;
			shellPath = /bin/sh;
			shellScript = "diff \"${PODS_ROOT}/../Podfile.lock\" \"${PODS_ROOT}/Manifest.lock\" > /dev/null\nif [[ $? != 0 ]] ; then\n    cat << EOM\nerror: The sandbox is not in sync with the Podfile.lock. Run 'pod install' or update your CocoaPods installation.\nEOM\n    exit 1\nfi\n";
			showEnvVarsInLog = 0;
		};
		C7361814ECD3C5E61B7525BF /* Embed Pods Frameworks */ = {
			isa = PBXShellScriptBuildPhase;
			buildActionMask = 2147483647;
			files = (
			);
			inputPaths = (
			);
			name = "Embed Pods Frameworks";
			outputPaths = (
			);
			runOnlyForDeploymentPostprocessing = 0;
			shellPath = /bin/sh;
			shellScript = "\"${SRCROOT}/Pods/Target Support Files/Pods-TechMap/Pods-TechMap-frameworks.sh\"\n";
			showEnvVarsInLog = 0;
		};
/* End PBXShellScriptBuildPhase section */

/* Begin PBXSourcesBuildPhase section */
		BD7920C51D08F494006B4020 /* Sources */ = {
			isa = PBXSourcesBuildPhase;
			buildActionMask = 2147483647;
			files = (
				BD4B95111D09F7A70019B9F4 /* MarkerInfoView.swift in Sources */,
				BD4B95051D099E560019B9F4 /* LocationStore.swift in Sources */,
				BD7920CF1D08F494006B4020 /* ViewController.swift in Sources */,
				BD4B95131D09FAE50019B9F4 /* Placemarker.swift in Sources */,
				BD4B7C411D09FDA9006AF3C4 /* UIViewExtension.swift in Sources */,
				BD4B95071D09DBE60019B9F4 /* EventPlace.swift in Sources */,
				BD7920CD1D08F494006B4020 /* AppDelegate.swift in Sources */,
			);
			runOnlyForDeploymentPostprocessing = 0;
		};
/* End PBXSourcesBuildPhase section */

/* Begin PBXVariantGroup section */
		BD7920D01D08F494006B4020 /* Main.storyboard */ = {
			isa = PBXVariantGroup;
			children = (
				BD7920D11D08F494006B4020 /* Base */,
			);
			name = Main.storyboard;
			sourceTree = "<group>";
		};
		BD7920D51D08F494006B4020 /* LaunchScreen.storyboard */ = {
			isa = PBXVariantGroup;
			children = (
				BD7920D61D08F494006B4020 /* Base */,
			);
			name = LaunchScreen.storyboard;
			sourceTree = "<group>";
		};
/* End PBXVariantGroup section */

/* Begin XCBuildConfiguration section */
		BD7920D91D08F494006B4020 /* Debug */ = {
			isa = XCBuildConfiguration;
			buildSettings = {
				ALWAYS_SEARCH_USER_PATHS = NO;
				CLANG_ANALYZER_NONNULL = YES;
				CLANG_CXX_LANGUAGE_STANDARD = "gnu++0x";
				CLANG_CXX_LIBRARY = "libc++";
				CLANG_ENABLE_MODULES = YES;
				CLANG_ENABLE_OBJC_ARC = YES;
				CLANG_WARN_BOOL_CONVERSION = YES;
				CLANG_WARN_CONSTANT_CONVERSION = YES;
				CLANG_WARN_DIRECT_OBJC_ISA_USAGE = YES_ERROR;
				CLANG_WARN_EMPTY_BODY = YES;
				CLANG_WARN_ENUM_CONVERSION = YES;
				CLANG_WARN_INT_CONVERSION = YES;
				CLANG_WARN_OBJC_ROOT_CLASS = YES_ERROR;
				CLANG_WARN_UNREACHABLE_CODE = YES;
				CLANG_WARN__DUPLICATE_METHOD_MATCH = YES;
				"CODE_SIGN_IDENTITY[sdk=iphoneos*]" = "iPhone Developer";
				COPY_PHASE_STRIP = NO;
				DEBUG_INFORMATION_FORMAT = dwarf;
				ENABLE_STRICT_OBJC_MSGSEND = YES;
				ENABLE_TESTABILITY = YES;
				GCC_C_LANGUAGE_STANDARD = gnu99;
				GCC_DYNAMIC_NO_PIC = NO;
				GCC_NO_COMMON_BLOCKS = YES;
				GCC_OPTIMIZATION_LEVEL = 0;
				GCC_PREPROCESSOR_DEFINITIONS = (
					"DEBUG=1",
					"$(inherited)",
				);
				GCC_WARN_64_TO_32_BIT_CONVERSION = YES;
				GCC_WARN_ABOUT_RETURN_TYPE = YES_ERROR;
				GCC_WARN_UNDECLARED_SELECTOR = YES;
				GCC_WARN_UNINITIALIZED_AUTOS = YES_AGGRESSIVE;
				GCC_WARN_UNUSED_FUNCTION = YES;
				GCC_WARN_UNUSED_VARIABLE = YES;
				IPHONEOS_DEPLOYMENT_TARGET = 9.3;
				MTL_ENABLE_DEBUG_INFO = YES;
				ONLY_ACTIVE_ARCH = YES;
				SDKROOT = iphoneos;
				SWIFT_OPTIMIZATION_LEVEL = "-Onone";
			};
			name = Debug;
		};
		BD7920DA1D08F494006B4020 /* Release */ = {
			isa = XCBuildConfiguration;
			buildSettings = {
				ALWAYS_SEARCH_USER_PATHS = NO;
				CLANG_ANALYZER_NONNULL = YES;
				CLANG_CXX_LANGUAGE_STANDARD = "gnu++0x";
				CLANG_CXX_LIBRARY = "libc++";
				CLANG_ENABLE_MODULES = YES;
				CLANG_ENABLE_OBJC_ARC = YES;
				CLANG_WARN_BOOL_CONVERSION = YES;
				CLANG_WARN_CONSTANT_CONVERSION = YES;
				CLANG_WARN_DIRECT_OBJC_ISA_USAGE = YES_ERROR;
				CLANG_WARN_EMPTY_BODY = YES;
				CLANG_WARN_ENUM_CONVERSION = YES;
				CLANG_WARN_INT_CONVERSION = YES;
				CLANG_WARN_OBJC_ROOT_CLASS = YES_ERROR;
				CLANG_WARN_UNREACHABLE_CODE = YES;
				CLANG_WARN__DUPLICATE_METHOD_MATCH = YES;
				"CODE_SIGN_IDENTITY[sdk=iphoneos*]" = "iPhone Developer";
				COPY_PHASE_STRIP = NO;
				DEBUG_INFORMATION_FORMAT = "dwarf-with-dsym";
				ENABLE_NS_ASSERTIONS = NO;
				ENABLE_STRICT_OBJC_MSGSEND = YES;
				GCC_C_LANGUAGE_STANDARD = gnu99;
				GCC_NO_COMMON_BLOCKS = YES;
				GCC_WARN_64_TO_32_BIT_CONVERSION = YES;
				GCC_WARN_ABOUT_RETURN_TYPE = YES_ERROR;
				GCC_WARN_UNDECLARED_SELECTOR = YES;
				GCC_WARN_UNINITIALIZED_AUTOS = YES_AGGRESSIVE;
				GCC_WARN_UNUSED_FUNCTION = YES;
				GCC_WARN_UNUSED_VARIABLE = YES;
				IPHONEOS_DEPLOYMENT_TARGET = 9.3;
				MTL_ENABLE_DEBUG_INFO = NO;
				SDKROOT = iphoneos;
				VALIDATE_PRODUCT = YES;
			};
			name = Release;
		};
		BD7920DC1D08F494006B4020 /* Debug */ = {
			isa = XCBuildConfiguration;
			baseConfigurationReference = A622CA1D0D31D63D10A16576 /* Pods-TechMap.debug.xcconfig */;
			buildSettings = {
				ASSETCATALOG_COMPILER_APPICON_NAME = AppIcon;
				CLANG_ENABLE_MODULES = YES;
				INFOPLIST_FILE = TechMap/Info.plist;
				LD_RUNPATH_SEARCH_PATHS = "$(inherited) @executable_path/Frameworks";
				PRODUCT_BUNDLE_IDENTIFIER = com.angelicabato.TechMap;
				PRODUCT_NAME = "$(TARGET_NAME)";
				SWIFT_OBJC_BRIDGING_HEADER = "TechMap/TechMap-Bridging-Header.h";
				SWIFT_OPTIMIZATION_LEVEL = "-Onone";
			};
			name = Debug;
		};
		BD7920DD1D08F494006B4020 /* Release */ = {
			isa = XCBuildConfiguration;
			baseConfigurationReference = FB98989194433C3331C8A603 /* Pods-TechMap.release.xcconfig */;
			buildSettings = {
				ASSETCATALOG_COMPILER_APPICON_NAME = AppIcon;
				CLANG_ENABLE_MODULES = YES;
				INFOPLIST_FILE = TechMap/Info.plist;
				LD_RUNPATH_SEARCH_PATHS = "$(inherited) @executable_path/Frameworks";
				PRODUCT_BUNDLE_IDENTIFIER = com.angelicabato.TechMap;
				PRODUCT_NAME = "$(TARGET_NAME)";
				SWIFT_OBJC_BRIDGING_HEADER = "TechMap/TechMap-Bridging-Header.h";
			};
			name = Release;
		};
/* End XCBuildConfiguration section */

/* Begin XCConfigurationList section */
		BD7920C41D08F493006B4020 /* Build configuration list for PBXProject "TechMap" */ = {
			isa = XCConfigurationList;
			buildConfigurations = (
				BD7920D91D08F494006B4020 /* Debug */,
				BD7920DA1D08F494006B4020 /* Release */,
			);
			defaultConfigurationIsVisible = 0;
			defaultConfigurationName = Release;
		};
		BD7920DB1D08F494006B4020 /* Build configuration list for PBXNativeTarget "TechMap" */ = {
			isa = XCConfigurationList;
			buildConfigurations = (
				BD7920DC1D08F494006B4020 /* Debug */,
				BD7920DD1D08F494006B4020 /* Release */,
			);
			defaultConfigurationIsVisible = 0;
			defaultConfigurationName = Release;
		};
/* End XCConfigurationList section */
	};
	rootObject = BD7920C11D08F493006B4020 /* Project object */;
}
